
Microsoft Visual Studio Solution File, Format Version 12.00
# Visual Studio Version 16
VisualStudioVersion = 16.0.29503.13
MinimumVisualStudioVersion = 10.0.40219.1
Project("{FAE04EC0-301F-11D3-BF4B-00C04F79EFBC}") = "MiniBlink_VIPDemo", "MiniBlink_VIPDemo\MiniBlink_VIPDemo.csproj", "{BE213C46-9915-4D41-BB6D-90F5DB441DA2}"
EndProject
Project("{FAE04EC0-301F-11D3-BF4B-00C04F79EFBC}") = "MiniBlink_VIPDLL", "MiniBlink_VIPDLL\MiniBlink_VIPDLL.csproj", "{08A4175F-A8D1-4EF0-8DA2-C589BF48074C}"
EndProject
Global
	GlobalSection(SolutionConfigurationPlatforms) = preSolution
		Debug|Any CPU = Debug|Any CPU
		Release|Any CPU = Release|Any CPU
	EndGlobalSection
	GlobalSection(ProjectConfigurationPlatforms) = postSolution
		{BE213C46-9915-4D41-BB6D-90F5DB441DA2}.Debug|Any CPU.ActiveCfg = Debug|Any CPU
		{BE213C46-9915-4D41-BB6D-90F5DB441DA2}.Debug|Any CPU.Build.0 = Debug|Any CPU
		{BE213C46-9915-4D41-BB6D-90F5DB441DA2}.Release|Any CPU.ActiveCfg = Release|Any CPU
		{BE213C46-9915-4D41-BB6D-90F5DB441DA2}.Release|Any CPU.Build.0 = Release|Any CPU
		{08A4175F-A8D1-4EF0-8DA2-C589BF48074C}.Debug|Any CPU.ActiveCfg = Debug|Any CPU
		{08A4175F-A8D1-4EF0-8DA2-C589BF48074C}.Debug|Any CPU.Build.0 = Debug|Any CPU
		{08A4175F-A8D1-4EF0-8DA2-C589BF48074C}.Release|Any CPU.ActiveCfg = Release|Any CPU
		{08A4175F-A8D1-4EF0-8DA2-C589BF48074C}.Release|Any CPU.Build.0 = Release|Any CPU
	EndGlobalSection
	GlobalSection(SolutionProperties) = preSolution
		HideSolutionNode = FALSE
	EndGlobalSection
	GlobalSection(ExtensibilityGlobals) = postSolution
		SolutionGuid = {4E1BC515-5B9D-4F29-97BF-C18812211FEE}
	EndGlobalSection
EndGlobal
